
Microsoft Visual Studio Solution File, Format Version 12.00
# Visual Studio 2012
Project("{FAE04EC0-301F-11D3-BF4B-00C04F79EFBC}") = "LacedRing", "LacedRing\LacedRing.csproj", "{FA4CB2D0-6A0C-4BAD-8E4A-2DCB1E15B0B5}"
EndProject
Project("{FAE04EC0-301F-11D3-BF4B-00C04F79EFBC}") = "Structures", "Structures\Structures.csproj", "{401A8735-A6E0-441F-AFCE-278F0389AC28}"
EndProject
Project("{FAE04EC0-301F-11D3-BF4B-00C04F79EFBC}") = "LRConsoleApp", "LRConsoleApp\LRConsoleApp.csproj", "{54DFD7D7-D181-449D-B4F6-607D3194163A}"
EndProject
Project("{FAE04EC0-301F-11D3-BF4B-00C04F79EFBC}") = "LRVisualizer", "LRVisualizer\LRVisualizer\LRVisualizer.csproj", "{64312B29-B691-4035-9462-D2CFC4373B5D}"
EndProject
Project("{96E2B04D-8817-42C6-938A-82C39BA4D311}") = "LRVisualizerContent", "LRVisualizerContent\LRVisualizerContent.contentproj", "{7C4AD8D2-6774-49C5-AAF7-1788639BCC6D}"
EndProject
Global
	GlobalSection(SolutionConfigurationPlatforms) = preSolution
		Debug|Any CPU = Debug|Any CPU
		Debug|Mixed Platforms = Debug|Mixed Platforms
		Debug|x86 = Debug|x86
		Release|Any CPU = Release|Any CPU
		Release|Mixed Platforms = Release|Mixed Platforms
		Release|x86 = Release|x86
	EndGlobalSection
	GlobalSection(ProjectConfigurationPlatforms) = postSolution
		{FA4CB2D0-6A0C-4BAD-8E4A-2DCB1E15B0B5}.Debug|Any CPU.ActiveCfg = Debug|Any CPU
		{FA4CB2D0-6A0C-4BAD-8E4A-2DCB1E15B0B5}.Debug|Any CPU.Build.0 = Debug|Any CPU
		{FA4CB2D0-6A0C-4BAD-8E4A-2DCB1E15B0B5}.Debug|Mixed Platforms.ActiveCfg = Debug|Any CPU
		{FA4CB2D0-6A0C-4BAD-8E4A-2DCB1E15B0B5}.Debug|Mixed Platforms.Build.0 = Debug|Any CPU
		{FA4CB2D0-6A0C-4BAD-8E4A-2DCB1E15B0B5}.Debug|x86.ActiveCfg = Debug|Any CPU
		{FA4CB2D0-6A0C-4BAD-8E4A-2DCB1E15B0B5}.Release|Any CPU.ActiveCfg = Release|Any CPU
		{FA4CB2D0-6A0C-4BAD-8E4A-2DCB1E15B0B5}.Release|Any CPU.Build.0 = Release|Any CPU
		{FA4CB2D0-6A0C-4BAD-8E4A-2DCB1E15B0B5}.Release|Mixed Platforms.ActiveCfg = Release|Any CPU
		{FA4CB2D0-6A0C-4BAD-8E4A-2DCB1E15B0B5}.Release|Mixed Platforms.Build.0 = Release|Any CPU
		{FA4CB2D0-6A0C-4BAD-8E4A-2DCB1E15B0B5}.Release|x86.ActiveCfg = Release|Any CPU
		{401A8735-A6E0-441F-AFCE-278F0389AC28}.Debug|Any CPU.ActiveCfg = Debug|Any CPU
		{401A8735-A6E0-441F-AFCE-278F0389AC28}.Debug|Any CPU.Build.0 = Debug|Any CPU
		{401A8735-A6E0-441F-AFCE-278F0389AC28}.Debug|Mixed Platforms.ActiveCfg = Debug|Any CPU
		{401A8735-A6E0-441F-AFCE-278F0389AC28}.Debug|Mixed Platforms.Build.0 = Debug|Any CPU
		{401A8735-A6E0-441F-AFCE-278F0389AC28}.Debug|x86.ActiveCfg = Debug|Any CPU
		{401A8735-A6E0-441F-AFCE-278F0389AC28}.Release|Any CPU.ActiveCfg = Release|Any CPU
		{401A8735-A6E0-441F-AFCE-278F0389AC28}.Release|Any CPU.Build.0 = Release|Any CPU
		{401A8735-A6E0-441F-AFCE-278F0389AC28}.Release|Mixed Platforms.ActiveCfg = Release|Any CPU
		{401A8735-A6E0-441F-AFCE-278F0389AC28}.Release|Mixed Platforms.Build.0 = Release|Any CPU
		{401A8735-A6E0-441F-AFCE-278F0389AC28}.Release|x86.ActiveCfg = Release|Any CPU
		{54DFD7D7-D181-449D-B4F6-607D3194163A}.Debug|Any CPU.ActiveCfg = Debug|Any CPU
		{54DFD7D7-D181-449D-B4F6-607D3194163A}.Debug|Any CPU.Build.0 = Debug|Any CPU
		{54DFD7D7-D181-449D-B4F6-607D3194163A}.Debug|Mixed Platforms.ActiveCfg = Debug|Any CPU
		{54DFD7D7-D181-449D-B4F6-607D3194163A}.Debug|Mixed Platforms.Build.0 = Debug|Any CPU
		{54DFD7D7-D181-449D-B4F6-607D3194163A}.Debug|x86.ActiveCfg = Debug|Any CPU
		{54DFD7D7-D181-449D-B4F6-607D3194163A}.Release|Any CPU.ActiveCfg = Release|Any CPU
		{54DFD7D7-D181-449D-B4F6-607D3194163A}.Release|Any CPU.Build.0 = Release|Any CPU
		{54DFD7D7-D181-449D-B4F6-607D3194163A}.Release|Mixed Platforms.ActiveCfg = Release|Any CPU
		{54DFD7D7-D181-449D-B4F6-607D3194163A}.Release|Mixed Platforms.Build.0 = Release|Any CPU
		{54DFD7D7-D181-449D-B4F6-607D3194163A}.Release|x86.ActiveCfg = Release|Any CPU
		{64312B29-B691-4035-9462-D2CFC4373B5D}.Debug|Any CPU.ActiveCfg = Debug|x86
		{64312B29-B691-4035-9462-D2CFC4373B5D}.Debug|Mixed Platforms.ActiveCfg = Debug|x86
		{64312B29-B691-4035-9462-D2CFC4373B5D}.Debug|Mixed Platforms.Build.0 = Debug|x86
		{64312B29-B691-4035-9462-D2CFC4373B5D}.Debug|x86.ActiveCfg = Debug|x86
		{64312B29-B691-4035-9462-D2CFC4373B5D}.Debug|x86.Build.0 = Debug|x86
		{64312B29-B691-4035-9462-D2CFC4373B5D}.Release|Any CPU.ActiveCfg = Release|x86
		{64312B29-B691-4035-9462-D2CFC4373B5D}.Release|Mixed Platforms.ActiveCfg = Release|x86
		{64312B29-B691-4035-9462-D2CFC4373B5D}.Release|Mixed Platforms.Build.0 = Release|x86
		{64312B29-B691-4035-9462-D2CFC4373B5D}.Release|x86.ActiveCfg = Release|x86
		{64312B29-B691-4035-9462-D2CFC4373B5D}.Release|x86.Build.0 = Release|x86
		{7C4AD8D2-6774-49C5-AAF7-1788639BCC6D}.Debug|Any CPU.ActiveCfg = Debug|Any CPU
		{7C4AD8D2-6774-49C5-AAF7-1788639BCC6D}.Debug|Mixed Platforms.ActiveCfg = Debug|Any CPU
		{7C4AD8D2-6774-49C5-AAF7-1788639BCC6D}.Debug|x86.ActiveCfg = Debug|Any CPU
		{7C4AD8D2-6774-49C5-AAF7-1788639BCC6D}.Release|Any CPU.ActiveCfg = Debug|Any CPU
		{7C4AD8D2-6774-49C5-AAF7-1788639BCC6D}.Release|Mixed Platforms.ActiveCfg = Debug|Any CPU
		{7C4AD8D2-6774-49C5-AAF7-1788639BCC6D}.Release|x86.ActiveCfg = Debug|Any CPU
	EndGlobalSection
	GlobalSection(SolutionProperties) = preSolution
		HideSolutionNode = FALSE
	EndGlobalSection
EndGlobal
